
Microsoft Visual Studio Solution File, Format Version 12.00
# Visual Studio Version 16
VisualStudioVersion = 16.0.32106.194
MinimumVisualStudioVersion = 10.0.40219.1
Project("{9A19103F-16F7-4668-BE54-9A1E7A4F7556}") = "MetricsManager", "MetricsManager\MetricsManager.csproj", "{2C1DC7BB-AEC8-42B9-8E4E-2DF722127E26}"
EndProject
Project("{9A19103F-16F7-4668-BE54-9A1E7A4F7556}") = "MetricsAgent", "MetricsAgent\MetricsAgent.csproj", "{0408474B-390B-494E-98E3-ABC0E92EDF0A}"
EndProject
Project("{9A19103F-16F7-4668-BE54-9A1E7A4F7556}") = "MetricsManagerTests", "MetricsManagerTests\MetricsManagerTests.csproj", "{98E17CFD-47A2-4391-9D8F-37A95472AFEC}"
EndProject
Project("{9A19103F-16F7-4668-BE54-9A1E7A4F7556}") = "MetricsAgentTests", "MetricsAgentTests\MetricsAgentTests.csproj", "{E228626D-C64D-4416-81B6-DB058BA538D4}"
EndProject
Project("{FAE04EC0-301F-11D3-BF4B-00C04F79EFBC}") = "MetricsManager.ConsoleClient", "MetricsManager.ConsoleClient\MetricsManager.ConsoleClient.csproj", "{7D144113-C0FB-48EF-84B6-73A33E9831CE}"
EndProject
Global
	GlobalSection(SolutionConfigurationPlatforms) = preSolution
		Debug|Any CPU = Debug|Any CPU
		Release|Any CPU = Release|Any CPU
	EndGlobalSection
	GlobalSection(ProjectConfigurationPlatforms) = postSolution
		{2C1DC7BB-AEC8-42B9-8E4E-2DF722127E26}.Debug|Any CPU.ActiveCfg = Debug|Any CPU
		{2C1DC7BB-AEC8-42B9-8E4E-2DF722127E26}.Debug|Any CPU.Build.0 = Debug|Any CPU
		{2C1DC7BB-AEC8-42B9-8E4E-2DF722127E26}.Release|Any CPU.ActiveCfg = Release|Any CPU
		{2C1DC7BB-AEC8-42B9-8E4E-2DF722127E26}.Release|Any CPU.Build.0 = Release|Any CPU
		{0408474B-390B-494E-98E3-ABC0E92EDF0A}.Debug|Any CPU.ActiveCfg = Debug|Any CPU
		{0408474B-390B-494E-98E3-ABC0E92EDF0A}.Debug|Any CPU.Build.0 = Debug|Any CPU
		{0408474B-390B-494E-98E3-ABC0E92EDF0A}.Release|Any CPU.ActiveCfg = Release|Any CPU
		{0408474B-390B-494E-98E3-ABC0E92EDF0A}.Release|Any CPU.Build.0 = Release|Any CPU
		{98E17CFD-47A2-4391-9D8F-37A95472AFEC}.Debug|Any CPU.ActiveCfg = Debug|Any CPU
		{98E17CFD-47A2-4391-9D8F-37A95472AFEC}.Debug|Any CPU.Build.0 = Debug|Any CPU
		{98E17CFD-47A2-4391-9D8F-37A95472AFEC}.Release|Any CPU.ActiveCfg = Release|Any CPU
		{98E17CFD-47A2-4391-9D8F-37A95472AFEC}.Release|Any CPU.Build.0 = Release|Any CPU
		{E228626D-C64D-4416-81B6-DB058BA538D4}.Debug|Any CPU.ActiveCfg = Debug|Any CPU
		{E228626D-C64D-4416-81B6-DB058BA538D4}.Debug|Any CPU.Build.0 = Debug|Any CPU
		{E228626D-C64D-4416-81B6-DB058BA538D4}.Release|Any CPU.ActiveCfg = Release|Any CPU
		{E228626D-C64D-4416-81B6-DB058BA538D4}.Release|Any CPU.Build.0 = Release|Any CPU
		{7D144113-C0FB-48EF-84B6-73A33E9831CE}.Debug|Any CPU.ActiveCfg = Debug|Any CPU
		{7D144113-C0FB-48EF-84B6-73A33E9831CE}.Debug|Any CPU.Build.0 = Debug|Any CPU
		{7D144113-C0FB-48EF-84B6-73A33E9831CE}.Release|Any CPU.ActiveCfg = Release|Any CPU
		{7D144113-C0FB-48EF-84B6-73A33E9831CE}.Release|Any CPU.Build.0 = Release|Any CPU
	EndGlobalSection
	GlobalSection(SolutionProperties) = preSolution
		HideSolutionNode = FALSE
	EndGlobalSection
	GlobalSection(ExtensibilityGlobals) = postSolution
		SolutionGuid = {128EF912-3AC9-44DE-B246-23F5E5704941}
	EndGlobalSection
EndGlobal
